
Microsoft Visual Studio Solution File, Format Version 12.00
# Visual Studio Version 16
VisualStudioVersion = 16.0.29613.14
MinimumVisualStudioVersion = 10.0.40219.1
Project("{9A19103F-16F7-4668-BE54-9A1E7A4F7556}") = "DrawingApp", "Drawing\DrawingApp.csproj", "{C7C5415E-D019-4180-9167-5C4BEE48EF46}"
EndProject
Project("{9A19103F-16F7-4668-BE54-9A1E7A4F7556}") = "DrawingTests", "DrawingTests\DrawingTests.csproj", "{64BBC971-3F8E-41B2-B026-A7286C73964A}"
EndProject
Global
	GlobalSection(SolutionConfigurationPlatforms) = preSolution
		Debug|Any CPU = Debug|Any CPU
		Release|Any CPU = Release|Any CPU
	EndGlobalSection
	GlobalSection(ProjectConfigurationPlatforms) = postSolution
		{C7C5415E-D019-4180-9167-5C4BEE48EF46}.Debug|Any CPU.ActiveCfg = Debug|Any CPU
		{C7C5415E-D019-4180-9167-5C4BEE48EF46}.Debug|Any CPU.Build.0 = Debug|Any CPU
		{C7C5415E-D019-4180-9167-5C4BEE48EF46}.Release|Any CPU.ActiveCfg = Release|Any CPU
		{C7C5415E-D019-4180-9167-5C4BEE48EF46}.Release|Any CPU.Build.0 = Release|Any CPU
		{64BBC971-3F8E-41B2-B026-A7286C73964A}.Debug|Any CPU.ActiveCfg = Debug|Any CPU
		{64BBC971-3F8E-41B2-B026-A7286C73964A}.Debug|Any CPU.Build.0 = Debug|Any CPU
		{64BBC971-3F8E-41B2-B026-A7286C73964A}.Release|Any CPU.ActiveCfg = Release|Any CPU
		{64BBC971-3F8E-41B2-B026-A7286C73964A}.Release|Any CPU.Build.0 = Release|Any CPU
	EndGlobalSection
	GlobalSection(SolutionProperties) = preSolution
		HideSolutionNode = FALSE
	EndGlobalSection
	GlobalSection(ExtensibilityGlobals) = postSolution
		SolutionGuid = {6B9E025B-8CD2-47CB-94FC-9E9F227A0EDD}
	EndGlobalSection
EndGlobal
